
Microsoft Visual Studio Solution File, Format Version 12.00
# Visual Studio Version 17
VisualStudioVersion = 17.5.002.0
MinimumVisualStudioVersion = 10.0.40219.1
Project("{2150E333-8FDC-42A3-9474-1A3956D46DE8}") = "week01", "week01", "{1D3C7A13-6304-4E08-826F-A771B2AA987F}"
EndProject
Project("{9A19103F-16F7-4668-BE54-9A1E7A4F7556}") = "code", "week01\code\code.csproj", "{48B3CDAA-8547-4249-8AA2-81B3A6573D83}"
EndProject
Project("{9A19103F-16F7-4668-BE54-9A1E7A4F7556}") = "analyze", "week01\analyze\analyze.csproj", "{6DBDEC97-70E2-4941-90BF-6928A9604B9E}"
EndProject
Project("{9A19103F-16F7-4668-BE54-9A1E7A4F7556}") = "teach", "week01\teach\teach.csproj", "{E5D2983F-C4B9-4BBC-A681-F7C00CD605D8}"
EndProject
Project("{2150E333-8FDC-42A3-9474-1A3956D46DE8}") = "week06", "week06", "{DF3DD3EE-2D92-4D0E-A61C-D429E4883008}"
EndProject
Project("{9A19103F-16F7-4668-BE54-9A1E7A4F7556}") = "code", "week06\code\code.csproj", "{4ACA6396-055C-4D2E-A400-0B5B74FB12B0}"
EndProject
Project("{2150E333-8FDC-42A3-9474-1A3956D46DE8}") = "sandbox", "sandbox", "{3F25D7DC-D280-40F7-A786-C71827C4CE98}"
EndProject
Project("{9A19103F-16F7-4668-BE54-9A1E7A4F7556}") = "sandbox_project", "sandbox\sandbox_project\sandbox_project.csproj", "{404F6E5B-8AC0-4516-BC09-6A6D5622EF3B}"
EndProject
Project("{2150E333-8FDC-42A3-9474-1A3956D46DE8}") = "week05", "week05", "{0DB60677-2161-4C8F-AB00-B0C51666C944}"
EndProject
Project("{9A19103F-16F7-4668-BE54-9A1E7A4F7556}") = "code", "week05\code\code.csproj", "{403FE4B9-564B-4CF4-89F3-FFF5D6D8BCB9}"
EndProject
Project("{2150E333-8FDC-42A3-9474-1A3956D46DE8}") = "week02", "week02", "{E7324155-CF84-4F7F-BB24-DFFD494E0015}"
EndProject
Project("{9A19103F-16F7-4668-BE54-9A1E7A4F7556}") = "learn", "week02\learn\learn.csproj", "{C63C2119-9DB5-40C3-97E9-73E5A4BAF802}"
EndProject
Project("{9A19103F-16F7-4668-BE54-9A1E7A4F7556}") = "code", "week02\code\code.csproj", "{4F72469F-E815-4FEC-947D-84BCBCE015B1}"
EndProject
Project("{9A19103F-16F7-4668-BE54-9A1E7A4F7556}") = "analyze", "week02\analyze\analyze.csproj", "{16D7C3A4-B966-4235-B2B8-14673EA0D354}"
EndProject
Project("{9A19103F-16F7-4668-BE54-9A1E7A4F7556}") = "teach", "week02\teach\teach.csproj", "{C53BF0B1-4610-42C6-A576-668BA93EF24E}"
EndProject
Project("{2150E333-8FDC-42A3-9474-1A3956D46DE8}") = "week03", "week03", "{2ED02A5F-EDA3-4D89-8980-E4CFECBAA785}"
EndProject
Project("{9A19103F-16F7-4668-BE54-9A1E7A4F7556}") = "learn", "week03\learn\learn.csproj", "{897A744E-17F6-450C-A216-7701E3B226E3}"
EndProject
Project("{9A19103F-16F7-4668-BE54-9A1E7A4F7556}") = "code", "week03\code\code.csproj", "{8CFE6AE0-7858-443C-B876-ACF31794DA85}"
EndProject
Project("{9A19103F-16F7-4668-BE54-9A1E7A4F7556}") = "teach", "week03\teach\teach.csproj", "{332995D5-8EFD-4FEE-A1A3-D9F51AEFE7F9}"
EndProject
Project("{2150E333-8FDC-42A3-9474-1A3956D46DE8}") = "week04", "week04", "{635270FB-F4B3-427E-9D21-E7991DE3A106}"
EndProject
Project("{9A19103F-16F7-4668-BE54-9A1E7A4F7556}") = "code", "week04\code\code.csproj", "{1D5ECDD2-C593-47B2-8A4D-553FE52B7063}"
EndProject
Global
	GlobalSection(SolutionConfigurationPlatforms) = preSolution
		Debug|Any CPU = Debug|Any CPU
		Release|Any CPU = Release|Any CPU
	EndGlobalSection
	GlobalSection(ProjectConfigurationPlatforms) = postSolution
		{48B3CDAA-8547-4249-8AA2-81B3A6573D83}.Debug|Any CPU.ActiveCfg = Debug|Any CPU
		{48B3CDAA-8547-4249-8AA2-81B3A6573D83}.Debug|Any CPU.Build.0 = Debug|Any CPU
		{48B3CDAA-8547-4249-8AA2-81B3A6573D83}.Release|Any CPU.ActiveCfg = Release|Any CPU
		{48B3CDAA-8547-4249-8AA2-81B3A6573D83}.Release|Any CPU.Build.0 = Release|Any CPU
		{6DBDEC97-70E2-4941-90BF-6928A9604B9E}.Debug|Any CPU.ActiveCfg = Debug|Any CPU
		{6DBDEC97-70E2-4941-90BF-6928A9604B9E}.Debug|Any CPU.Build.0 = Debug|Any CPU
		{6DBDEC97-70E2-4941-90BF-6928A9604B9E}.Release|Any CPU.ActiveCfg = Release|Any CPU
		{6DBDEC97-70E2-4941-90BF-6928A9604B9E}.Release|Any CPU.Build.0 = Release|Any CPU
		{E5D2983F-C4B9-4BBC-A681-F7C00CD605D8}.Debug|Any CPU.ActiveCfg = Debug|Any CPU
		{E5D2983F-C4B9-4BBC-A681-F7C00CD605D8}.Debug|Any CPU.Build.0 = Debug|Any CPU
		{E5D2983F-C4B9-4BBC-A681-F7C00CD605D8}.Release|Any CPU.ActiveCfg = Release|Any CPU
		{E5D2983F-C4B9-4BBC-A681-F7C00CD605D8}.Release|Any CPU.Build.0 = Release|Any CPU
		{4ACA6396-055C-4D2E-A400-0B5B74FB12B0}.Debug|Any CPU.ActiveCfg = Debug|Any CPU
		{4ACA6396-055C-4D2E-A400-0B5B74FB12B0}.Debug|Any CPU.Build.0 = Debug|Any CPU
		{4ACA6396-055C-4D2E-A400-0B5B74FB12B0}.Release|Any CPU.ActiveCfg = Release|Any CPU
		{4ACA6396-055C-4D2E-A400-0B5B74FB12B0}.Release|Any CPU.Build.0 = Release|Any CPU
		{404F6E5B-8AC0-4516-BC09-6A6D5622EF3B}.Debug|Any CPU.ActiveCfg = Debug|Any CPU
		{404F6E5B-8AC0-4516-BC09-6A6D5622EF3B}.Debug|Any CPU.Build.0 = Debug|Any CPU
		{404F6E5B-8AC0-4516-BC09-6A6D5622EF3B}.Release|Any CPU.ActiveCfg = Release|Any CPU
		{404F6E5B-8AC0-4516-BC09-6A6D5622EF3B}.Release|Any CPU.Build.0 = Release|Any CPU
		{403FE4B9-564B-4CF4-89F3-FFF5D6D8BCB9}.Debug|Any CPU.ActiveCfg = Debug|Any CPU
		{403FE4B9-564B-4CF4-89F3-FFF5D6D8BCB9}.Debug|Any CPU.Build.0 = Debug|Any CPU
		{403FE4B9-564B-4CF4-89F3-FFF5D6D8BCB9}.Release|Any CPU.ActiveCfg = Release|Any CPU
		{403FE4B9-564B-4CF4-89F3-FFF5D6D8BCB9}.Release|Any CPU.Build.0 = Release|Any CPU
		{C63C2119-9DB5-40C3-97E9-73E5A4BAF802}.Debug|Any CPU.ActiveCfg = Debug|Any CPU
		{C63C2119-9DB5-40C3-97E9-73E5A4BAF802}.Debug|Any CPU.Build.0 = Debug|Any CPU
		{C63C2119-9DB5-40C3-97E9-73E5A4BAF802}.Release|Any CPU.ActiveCfg = Release|Any CPU
		{C63C2119-9DB5-40C3-97E9-73E5A4BAF802}.Release|Any CPU.Build.0 = Release|Any CPU
		{4F72469F-E815-4FEC-947D-84BCBCE015B1}.Debug|Any CPU.ActiveCfg = Debug|Any CPU
		{4F72469F-E815-4FEC-947D-84BCBCE015B1}.Debug|Any CPU.Build.0 = Debug|Any CPU
		{4F72469F-E815-4FEC-947D-84BCBCE015B1}.Release|Any CPU.ActiveCfg = Release|Any CPU
		{4F72469F-E815-4FEC-947D-84BCBCE015B1}.Release|Any CPU.Build.0 = Release|Any CPU
		{16D7C3A4-B966-4235-B2B8-14673EA0D354}.Debug|Any CPU.ActiveCfg = Debug|Any CPU
		{16D7C3A4-B966-4235-B2B8-14673EA0D354}.Debug|Any CPU.Build.0 = Debug|Any CPU
		{16D7C3A4-B966-4235-B2B8-14673EA0D354}.Release|Any CPU.ActiveCfg = Release|Any CPU
		{16D7C3A4-B966-4235-B2B8-14673EA0D354}.Release|Any CPU.Build.0 = Release|Any CPU
		{C53BF0B1-4610-42C6-A576-668BA93EF24E}.Debug|Any CPU.ActiveCfg = Debug|Any CPU
		{C53BF0B1-4610-42C6-A576-668BA93EF24E}.Debug|Any CPU.Build.0 = Debug|Any CPU
		{C53BF0B1-4610-42C6-A576-668BA93EF24E}.Release|Any CPU.ActiveCfg = Release|Any CPU
		{C53BF0B1-4610-42C6-A576-668BA93EF24E}.Release|Any CPU.Build.0 = Release|Any CPU
		{897A744E-17F6-450C-A216-7701E3B226E3}.Debug|Any CPU.ActiveCfg = Debug|Any CPU
		{897A744E-17F6-450C-A216-7701E3B226E3}.Debug|Any CPU.Build.0 = Debug|Any CPU
		{897A744E-17F6-450C-A216-7701E3B226E3}.Release|Any CPU.ActiveCfg = Release|Any CPU
		{897A744E-17F6-450C-A216-7701E3B226E3}.Release|Any CPU.Build.0 = Release|Any CPU
		{8CFE6AE0-7858-443C-B876-ACF31794DA85}.Debug|Any CPU.ActiveCfg = Debug|Any CPU
		{8CFE6AE0-7858-443C-B876-ACF31794DA85}.Debug|Any CPU.Build.0 = Debug|Any CPU
		{8CFE6AE0-7858-443C-B876-ACF31794DA85}.Release|Any CPU.ActiveCfg = Release|Any CPU
		{8CFE6AE0-7858-443C-B876-ACF31794DA85}.Release|Any CPU.Build.0 = Release|Any CPU
		{332995D5-8EFD-4FEE-A1A3-D9F51AEFE7F9}.Debug|Any CPU.ActiveCfg = Debug|Any CPU
		{332995D5-8EFD-4FEE-A1A3-D9F51AEFE7F9}.Debug|Any CPU.Build.0 = Debug|Any CPU
		{332995D5-8EFD-4FEE-A1A3-D9F51AEFE7F9}.Release|Any CPU.ActiveCfg = Release|Any CPU
		{332995D5-8EFD-4FEE-A1A3-D9F51AEFE7F9}.Release|Any CPU.Build.0 = Release|Any CPU
		{1D5ECDD2-C593-47B2-8A4D-553FE52B7063}.Debug|Any CPU.ActiveCfg = Debug|Any CPU
		{1D5ECDD2-C593-47B2-8A4D-553FE52B7063}.Debug|Any CPU.Build.0 = Debug|Any CPU
		{1D5ECDD2-C593-47B2-8A4D-553FE52B7063}.Release|Any CPU.ActiveCfg = Release|Any CPU
		{1D5ECDD2-C593-47B2-8A4D-553FE52B7063}.Release|Any CPU.Build.0 = Release|Any CPU
	EndGlobalSection
	GlobalSection(SolutionProperties) = preSolution
		HideSolutionNode = FALSE
	EndGlobalSection
	GlobalSection(NestedProjects) = preSolution
		{48B3CDAA-8547-4249-8AA2-81B3A6573D83} = {1D3C7A13-6304-4E08-826F-A771B2AA987F}
		{6DBDEC97-70E2-4941-90BF-6928A9604B9E} = {1D3C7A13-6304-4E08-826F-A771B2AA987F}
		{E5D2983F-C4B9-4BBC-A681-F7C00CD605D8} = {1D3C7A13-6304-4E08-826F-A771B2AA987F}
		{4ACA6396-055C-4D2E-A400-0B5B74FB12B0} = {DF3DD3EE-2D92-4D0E-A61C-D429E4883008}
		{404F6E5B-8AC0-4516-BC09-6A6D5622EF3B} = {3F25D7DC-D280-40F7-A786-C71827C4CE98}
		{403FE4B9-564B-4CF4-89F3-FFF5D6D8BCB9} = {0DB60677-2161-4C8F-AB00-B0C51666C944}
		{C63C2119-9DB5-40C3-97E9-73E5A4BAF802} = {E7324155-CF84-4F7F-BB24-DFFD494E0015}
		{4F72469F-E815-4FEC-947D-84BCBCE015B1} = {E7324155-CF84-4F7F-BB24-DFFD494E0015}
		{16D7C3A4-B966-4235-B2B8-14673EA0D354} = {E7324155-CF84-4F7F-BB24-DFFD494E0015}
		{C53BF0B1-4610-42C6-A576-668BA93EF24E} = {E7324155-CF84-4F7F-BB24-DFFD494E0015}
		{897A744E-17F6-450C-A216-7701E3B226E3} = {2ED02A5F-EDA3-4D89-8980-E4CFECBAA785}
		{8CFE6AE0-7858-443C-B876-ACF31794DA85} = {2ED02A5F-EDA3-4D89-8980-E4CFECBAA785}
		{332995D5-8EFD-4FEE-A1A3-D9F51AEFE7F9} = {2ED02A5F-EDA3-4D89-8980-E4CFECBAA785}
		{1D5ECDD2-C593-47B2-8A4D-553FE52B7063} = {635270FB-F4B3-427E-9D21-E7991DE3A106}
	EndGlobalSection
	GlobalSection(ExtensibilityGlobals) = postSolution
		SolutionGuid = {B42AE865-148C-470E-8D0F-13D0056610D1}
	EndGlobalSection
EndGlobal
